// !$*UTF8*$!
{
	archiveVersion = 1;
	classes = {
	};
	objectVersion = 46;
	objects = {

/* Begin PBXBuildFile section */
		320BEC8D1A20155500560A35 /* Foundation.framework in Frameworks */ = {isa = PBXBuildFile; fileRef = 320BEC8C1A20155500560A35 /* Foundation.framework */; };
		320BEC8F1A20155500560A35 /* CoreGraphics.framework in Frameworks */ = {isa = PBXBuildFile; fileRef = 320BEC8E1A20155500560A35 /* CoreGraphics.framework */; };
		320BEC911A20155500560A35 /* UIKit.framework in Frameworks */ = {isa = PBXBuildFile; fileRef = 320BEC901A20155500560A35 /* UIKit.framework */; };
		320BEC971A20155500560A35 /* InfoPlist.strings in Resources */ = {isa = PBXBuildFile; fileRef = 320BEC951A20155500560A35 /* InfoPlist.strings */; };
		320BEC991A20155500560A35 /* main.m in Sources */ = {isa = PBXBuildFile; fileRef = 320BEC981A20155500560A35 /* main.m */; };
		320BEC9D1A20155500560A35 /* DSAppDelegate.m in Sources */ = {isa = PBXBuildFile; fileRef = 320BEC9C1A20155500560A35 /* DSAppDelegate.m */; };
		320BECA01A20155500560A35 /* Main.storyboard in Resources */ = {isa = PBXBuildFile; fileRef = 320BEC9E1A20155500560A35 /* Main.storyboard */; };
		320BECA31A20155500560A35 /* DSProductViewController.m in Sources */ = {isa = PBXBuildFile; fileRef = 320BECA21A20155500560A35 /* DSProductViewController.m */; };
		320BECA51A20155500560A35 /* Images.xcassets in Resources */ = {isa = PBXBuildFile; fileRef = 320BECA41A20155500560A35 /* Images.xcassets */; };
		320BECAC1A20155500560A35 /* XCTest.framework in Frameworks */ = {isa = PBXBuildFile; fileRef = 320BECAB1A20155500560A35 /* XCTest.framework */; };
		320BECAD1A20155500560A35 /* Foundation.framework in Frameworks */ = {isa = PBXBuildFile; fileRef = 320BEC8C1A20155500560A35 /* Foundation.framework */; };
		320BECAE1A20155500560A35 /* UIKit.framework in Frameworks */ = {isa = PBXBuildFile; fileRef = 320BEC901A20155500560A35 /* UIKit.framework */; };
		320BECB61A20155500560A35 /* InfoPlist.strings in Resources */ = {isa = PBXBuildFile; fileRef = 320BECB41A20155500560A35 /* InfoPlist.strings */; };
		320BECB81A20155500560A35 /* Magazine_TestTests.m in Sources */ = {isa = PBXBuildFile; fileRef = 320BECB71A20155500560A35 /* Magazine_TestTests.m */; };
		320BECC31A2016CE00560A35 /* DSServerManager.m in Sources */ = {isa = PBXBuildFile; fileRef = 320BECC21A2016CE00560A35 /* DSServerManager.m */; };
		320BECC91A2018D100560A35 /* DSProduct.m in Sources */ = {isa = PBXBuildFile; fileRef = 320BECC81A2018D100560A35 /* DSProduct.m */; };
		320BECF11A201C5C00560A35 /* AFHTTPRequestOperation.m in Sources */ = {isa = PBXBuildFile; fileRef = 320BECCD1A201C5C00560A35 /* AFHTTPRequestOperation.m */; };
		320BECF21A201C5C00560A35 /* AFHTTPRequestOperationManager.m in Sources */ = {isa = PBXBuildFile; fileRef = 320BECCF1A201C5C00560A35 /* AFHTTPRequestOperationManager.m */; };
		320BECF31A201C5C00560A35 /* AFHTTPSessionManager.m in Sources */ = {isa = PBXBuildFile; fileRef = 320BECD11A201C5C00560A35 /* AFHTTPSessionManager.m */; };
		320BECF41A201C5C00560A35 /* AFNetworkReachabilityManager.m in Sources */ = {isa = PBXBuildFile; fileRef = 320BECD41A201C5C00560A35 /* AFNetworkReachabilityManager.m */; };
		320BECF51A201C5C00560A35 /* AFSecurityPolicy.m in Sources */ = {isa = PBXBuildFile; fileRef = 320BECD61A201C5C00560A35 /* AFSecurityPolicy.m */; };
		320BECF61A201C5C00560A35 /* AFURLConnectionOperation.m in Sources */ = {isa = PBXBuildFile; fileRef = 320BECD81A201C5C00560A35 /* AFURLConnectionOperation.m */; };
		320BECF71A201C5C00560A35 /* AFURLRequestSerialization.m in Sources */ = {isa = PBXBuildFile; fileRef = 320BECDA1A201C5C00560A35 /* AFURLRequestSerialization.m */; };
		320BECF81A201C5C00560A35 /* AFURLResponseSerialization.m in Sources */ = {isa = PBXBuildFile; fileRef = 320BECDC1A201C5C00560A35 /* AFURLResponseSerialization.m */; };
		320BECF91A201C5C00560A35 /* AFURLSessionManager.m in Sources */ = {isa = PBXBuildFile; fileRef = 320BECDE1A201C5C00560A35 /* AFURLSessionManager.m */; };
		320BECFA1A201C5C00560A35 /* AFNetworkActivityIndicatorManager.m in Sources */ = {isa = PBXBuildFile; fileRef = 320BECE11A201C5C00560A35 /* AFNetworkActivityIndicatorManager.m */; };
		320BECFB1A201C5C00560A35 /* UIActivityIndicatorView+AFNetworking.m in Sources */ = {isa = PBXBuildFile; fileRef = 320BECE31A201C5C00560A35 /* UIActivityIndicatorView+AFNetworking.m */; };
		320BECFC1A201C5C00560A35 /* UIAlertView+AFNetworking.m in Sources */ = {isa = PBXBuildFile; fileRef = 320BECE51A201C5C00560A35 /* UIAlertView+AFNetworking.m */; };
		320BECFD1A201C5C00560A35 /* UIButton+AFNetworking.m in Sources */ = {isa = PBXBuildFile; fileRef = 320BECE71A201C5C00560A35 /* UIButton+AFNetworking.m */; };
		320BECFE1A201C5C00560A35 /* UIImageView+AFNetworking.m in Sources */ = {isa = PBXBuildFile; fileRef = 320BECE91A201C5C00560A35 /* UIImageView+AFNetworking.m */; };
		320BECFF1A201C5C00560A35 /* UIProgressView+AFNetworking.m in Sources */ = {isa = PBXBuildFile; fileRef = 320BECEC1A201C5C00560A35 /* UIProgressView+AFNetworking.m */; };
		320BED001A201C5C00560A35 /* UIRefreshControl+AFNetworking.m in Sources */ = {isa = PBXBuildFile; fileRef = 320BECEE1A201C5C00560A35 /* UIRefreshControl+AFNetworking.m */; };
		320BED011A201C5C00560A35 /* UIWebView+AFNetworking.m in Sources */ = {isa = PBXBuildFile; fileRef = 320BECF01A201C5C00560A35 /* UIWebView+AFNetworking.m */; };
		320BED041A20208D00560A35 /* DSReview.m in Sources */ = {isa = PBXBuildFile; fileRef = 320BED031A20208D00560A35 /* DSReview.m */; };
		329C21C41A2B9D27001EF137 /* ButtonWithoutReg.png in Resources */ = {isa = PBXBuildFile; fileRef = 329C21C31A2B9D27001EF137 /* ButtonWithoutReg.png */; };
		329C21C81A2BA86E001EF137 /* ButtonSubmit.png in Resources */ = {isa = PBXBuildFile; fileRef = 329C21C71A2BA86E001EF137 /* ButtonSubmit.png */; };
		329C4A291A29ED1E0058F00F /* DSAddReviewCell.m in Sources */ = {isa = PBXBuildFile; fileRef = 329C4A281A29ED1E0058F00F /* DSAddReviewCell.m */; };
		329C4A2B1A29FD770058F00F /* edit.png in Resources */ = {isa = PBXBuildFile; fileRef = 329C4A2A1A29FD770058F00F /* edit.png */; };
		329C4A2E1A2A1BD70058F00F /* AFNetworkActivityLogger.m in Sources */ = {isa = PBXBuildFile; fileRef = 329C4A2D1A2A1BD70058F00F /* AFNetworkActivityLogger.m */; };
		329C4A301A2A61570058F00F /* ButtonCreateAccount.png in Resources */ = {isa = PBXBuildFile; fileRef = 329C4A2F1A2A61570058F00F /* ButtonCreateAccount.png */; };
		329C4A361A2A617A0058F00F /* ButtonAccessAccount.png in Resources */ = {isa = PBXBuildFile; fileRef = 329C4A351A2A617A0058F00F /* ButtonAccessAccount.png */; };
		329DDACF1A2A6D2E00A6BE20 /* mainPage1.png in Resources */ = {isa = PBXBuildFile; fileRef = 329DDACE1A2A6D2E00A6BE20 /* mainPage1.png */; };
		329F25E51A20DDA60095F6A5 /* DSReviewViewController.m in Sources */ = {isa = PBXBuildFile; fileRef = 329F25E41A20DDA60095F6A5 /* DSReviewViewController.m */; };
		329F25E91A25ADEA0095F6A5 /* DSAccessToken.m in Sources */ = {isa = PBXBuildFile; fileRef = 329F25E81A25ADEA0095F6A5 /* DSAccessToken.m */; };
		329F25EC1A25AF3F0095F6A5 /* DSUser.m in Sources */ = {isa = PBXBuildFile; fileRef = 329F25EB1A25AF3F0095F6A5 /* DSUser.m */; };
		329F25F71A25B9480095F6A5 /* DSRateView.m in Sources */ = {isa = PBXBuildFile; fileRef = 329F25F61A25B9480095F6A5 /* DSRateView.m */; };
		329F25FA1A25BBBE0095F6A5 /* DSReviewCell.m in Sources */ = {isa = PBXBuildFile; fileRef = 329F25F91A25BBBE0095F6A5 /* DSReviewCell.m */; };
		329F25FD1A25E9F20095F6A5 /* DSProductCell.m in Sources */ = {isa = PBXBuildFile; fileRef = 329F25FC1A25E9F20095F6A5 /* DSProductCell.m */; };
		329F26061A25FC610095F6A5 /* TextfieldBackgroud.png in Resources */ = {isa = PBXBuildFile; fileRef = 329F26051A25FC610095F6A5 /* TextfieldBackgroud.png */; };
		329F26151A2600360095F6A5 /* DSMainViewController.m in Sources */ = {isa = PBXBuildFile; fileRef = 329F26141A2600360095F6A5 /* DSMainViewController.m */; };
		329F26191A27121D0095F6A5 /* star_full.png in Resources */ = {isa = PBXBuildFile; fileRef = 329F26161A27121D0095F6A5 /* star_full.png */; };
		329F261A1A27121D0095F6A5 /* star_half.png in Resources */ = {isa = PBXBuildFile; fileRef = 329F26171A27121D0095F6A5 /* star_half.png */; };
		329F261B1A27121D0095F6A5 /* star_empty.png in Resources */ = {isa = PBXBuildFile; fileRef = 329F26181A27121D0095F6A5 /* star_empty.png */; };
		329F26201A2716CC0095F6A5 /* DSSignUpViewController.m in Sources */ = {isa = PBXBuildFile; fileRef = 329F261F1A2716CC0095F6A5 /* DSSignUpViewController.m */; };
		329F26231A2718940095F6A5 /* DSTextField.m in Sources */ = {isa = PBXBuildFile; fileRef = 329F26221A2718940095F6A5 /* DSTextField.m */; };
		329F26261A29CF4F0095F6A5 /* DSAddReviewViewController.m in Sources */ = {isa = PBXBuildFile; fileRef = 329F26251A29CF4F0095F6A5 /* DSAddReviewViewController.m */; };
/* End PBXBuildFile section */

/* Begin PBXContainerItemProxy section */
		320BECAF1A20155500560A35 /* PBXContainerItemProxy */ = {
			isa = PBXContainerItemProxy;
			containerPortal = 320BEC811A20155500560A35 /* Project object */;
			proxyType = 1;
			remoteGlobalIDString = 320BEC881A20155500560A35;
			remoteInfo = Magazine_Test;
		};
/* End PBXContainerItemProxy section */

/* Begin PBXFileReference section */
		320BEC891A20155500560A35 /* Magazine_Test.app */ = {isa = PBXFileReference; explicitFileType = wrapper.application; includeInIndex = 0; path = Magazine_Test.app; sourceTree = BUILT_PRODUCTS_DIR; };
		320BEC8C1A20155500560A35 /* Foundation.framework */ = {isa = PBXFileReference; lastKnownFileType = wrapper.framework; name = Foundation.framework; path = System/Library/Frameworks/Foundation.framework; sourceTree = SDKROOT; };
		320BEC8E1A20155500560A35 /* CoreGraphics.framework */ = {isa = PBXFileReference; lastKnownFileType = wrapper.framework; name = CoreGraphics.framework; path = System/Library/Frameworks/CoreGraphics.framework; sourceTree = SDKROOT; };
		320BEC901A20155500560A35 /* UIKit.framework */ = {isa = PBXFileReference; lastKnownFileType = wrapper.framework; name = UIKit.framework; path = System/Library/Frameworks/UIKit.framework; sourceTree = SDKROOT; };
		320BEC941A20155500560A35 /* Magazine_Test-Info.plist */ = {isa = PBXFileReference; lastKnownFileType = text.plist.xml; path = "Magazine_Test-Info.plist"; sourceTree = "<group>"; };
		320BEC961A20155500560A35 /* en */ = {isa = PBXFileReference; lastKnownFileType = text.plist.strings; name = en; path = en.lproj/InfoPlist.strings; sourceTree = "<group>"; };
		320BEC981A20155500560A35 /* main.m */ = {isa = PBXFileReference; lastKnownFileType = sourcecode.c.objc; path = main.m; sourceTree = "<group>"; };
		320BEC9A1A20155500560A35 /* Magazine_Test-Prefix.pch */ = {isa = PBXFileReference; lastKnownFileType = sourcecode.c.h; path = "Magazine_Test-Prefix.pch"; sourceTree = "<group>"; };
		320BEC9B1A20155500560A35 /* DSAppDelegate.h */ = {isa = PBXFileReference; lastKnownFileType = sourcecode.c.h; path = DSAppDelegate.h; sourceTree = "<group>"; };
		320BEC9C1A20155500560A35 /* DSAppDelegate.m */ = {isa = PBXFileReference; lastKnownFileType = sourcecode.c.objc; path = DSAppDelegate.m; sourceTree = "<group>"; };
		320BEC9F1A20155500560A35 /* Base */ = {isa = PBXFileReference; lastKnownFileType = file.storyboard; name = Base; path = Base.lproj/Main.storyboard; sourceTree = "<group>"; };
		320BECA11A20155500560A35 /* DSProductViewController.h */ = {isa = PBXFileReference; lastKnownFileType = sourcecode.c.h; name = DSProductViewController.h; path = Magazine_Test/DSProductViewController.h; sourceTree = "<group>"; };
		320BECA21A20155500560A35 /* DSProductViewController.m */ = {isa = PBXFileReference; lastKnownFileType = sourcecode.c.objc; name = DSProductViewController.m; path = Magazine_Test/DSProductViewController.m; sourceTree = "<group>"; };
		320BECA41A20155500560A35 /* Images.xcassets */ = {isa = PBXFileReference; lastKnownFileType = folder.assetcatalog; path = Images.xcassets; sourceTree = "<group>"; };
		320BECAA1A20155500560A35 /* Magazine_TestTests.xctest */ = {isa = PBXFileReference; explicitFileType = wrapper.cfbundle; includeInIndex = 0; path = Magazine_TestTests.xctest; sourceTree = BUILT_PRODUCTS_DIR; };
		320BECAB1A20155500560A35 /* XCTest.framework */ = {isa = PBXFileReference; lastKnownFileType = wrapper.framework; name = XCTest.framework; path = Library/Frameworks/XCTest.framework; sourceTree = DEVELOPER_DIR; };
		320BECB31A20155500560A35 /* Magazine_TestTests-Info.plist */ = {isa = PBXFileReference; lastKnownFileType = text.plist.xml; path = "Magazine_TestTests-Info.plist"; sourceTree = "<group>"; };
		320BECB51A20155500560A35 /* en */ = {isa = PBXFileReference; lastKnownFileType = text.plist.strings; name = en; path = en.lproj/InfoPlist.strings; sourceTree = "<group>"; };
		320BECB71A20155500560A35 /* Magazine_TestTests.m */ = {isa = PBXFileReference; lastKnownFileType = sourcecode.c.objc; path = Magazine_TestTests.m; sourceTree = "<group>"; };
		320BECC11A2016CE00560A35 /* DSServerManager.h */ = {isa = PBXFileReference; fileEncoding = 4; lastKnownFileType = sourcecode.c.h; name = DSServerManager.h; path = Magazine_Test/DSServerManager.h; sourceTree = "<group>"; };
		320BECC21A2016CE00560A35 /* DSServerManager.m */ = {isa = PBXFileReference; fileEncoding = 4; lastKnownFileType = sourcecode.c.objc; name = DSServerManager.m; path = Magazine_Test/DSServerManager.m; sourceTree = "<group>"; };
		320BECC71A2018D100560A35 /* DSProduct.h */ = {isa = PBXFileReference; fileEncoding = 4; lastKnownFileType = sourcecode.c.h; name = DSProduct.h; path = Magazine_Test/DSProduct.h; sourceTree = "<group>"; };
		320BECC81A2018D100560A35 /* DSProduct.m */ = {isa = PBXFileReference; fileEncoding = 4; lastKnownFileType = sourcecode.c.objc; name = DSProduct.m; path = Magazine_Test/DSProduct.m; sourceTree = "<group>"; };
		320BECCC1A201C5C00560A35 /* AFHTTPRequestOperation.h */ = {isa = PBXFileReference; fileEncoding = 4; lastKnownFileType = sourcecode.c.h; path = AFHTTPRequestOperation.h; sourceTree = "<group>"; };
		320BECCD1A201C5C00560A35 /* AFHTTPRequestOperation.m */ = {isa = PBXFileReference; fileEncoding = 4; lastKnownFileType = sourcecode.c.objc; path = AFHTTPRequestOperation.m; sourceTree = "<group>"; };
		320BECCE1A201C5C00560A35 /* AFHTTPRequestOperationManager.h */ = {isa = PBXFileReference; fileEncoding = 4; lastKnownFileType = sourcecode.c.h; path = AFHTTPRequestOperationManager.h; sourceTree = "<group>"; };
		320BECCF1A201C5C00560A35 /* AFHTTPRequestOperationManager.m */ = {isa = PBXFileReference; fileEncoding = 4; lastKnownFileType = sourcecode.c.objc; path = AFHTTPRequestOperationManager.m; sourceTree = "<group>"; };
		320BECD01A201C5C00560A35 /* AFHTTPSessionManager.h */ = {isa = PBXFileReference; fileEncoding = 4; lastKnownFileType = sourcecode.c.h; path = AFHTTPSessionManager.h; sourceTree = "<group>"; };
		320BECD11A201C5C00560A35 /* AFHTTPSessionManager.m */ = {isa = PBXFileReference; fileEncoding = 4; lastKnownFileType = sourcecode.c.objc; path = AFHTTPSessionManager.m; sourceTree = "<group>"; };
		320BECD21A201C5C00560A35 /* AFNetworking.h */ = {isa = PBXFileReference; fileEncoding = 4; lastKnownFileType = sourcecode.c.h; path = AFNetworking.h; sourceTree = "<group>"; };
		320BECD31A201C5C00560A35 /* AFNetworkReachabilityManager.h */ = {isa = PBXFileReference; fileEncoding = 4; lastKnownFileType = sourcecode.c.h; path = AFNetworkReachabilityManager.h; sourceTree = "<group>"; };
		320BECD41A201C5C00560A35 /* AFNetworkReachabilityManager.m */ = {isa = PBXFileReference; fileEncoding = 4; lastKnownFileType = sourcecode.c.objc; path = AFNetworkReachabilityManager.m; sourceTree = "<group>"; };
		320BECD51A201C5C00560A35 /* AFSecurityPolicy.h */ = {isa = PBXFileReference; fileEncoding = 4; lastKnownFileType = sourcecode.c.h; path = AFSecurityPolicy.h; sourceTree = "<group>"; };
		320BECD61A201C5C00560A35 /* AFSecurityPolicy.m */ = {isa = PBXFileReference; fileEncoding = 4; lastKnownFileType = sourcecode.c.objc; path = AFSecurityPolicy.m; sourceTree = "<group>"; };
		320BECD71A201C5C00560A35 /* AFURLConnectionOperation.h */ = {isa = PBXFileReference; fileEncoding = 4; lastKnownFileType = sourcecode.c.h; path = AFURLConnectionOperation.h; sourceTree = "<group>"; };
		320BECD81A201C5C00560A35 /* AFURLConnectionOperation.m */ = {isa = PBXFileReference; fileEncoding = 4; lastKnownFileType = sourcecode.c.objc; path = AFURLConnectionOperation.m; sourceTree = "<group>"; };
		320BECD91A201C5C00560A35 /* AFURLRequestSerialization.h */ = {isa = PBXFileReference; fileEncoding = 4; lastKnownFileType = sourcecode.c.h; path = AFURLRequestSerialization.h; sourceTree = "<group>"; };
		320BECDA1A201C5C00560A35 /* AFURLRequestSerialization.m */ = {isa = PBXFileReference; fileEncoding = 4; lastKnownFileType = sourcecode.c.objc; path = AFURLRequestSerialization.m; sourceTree = "<group>"; };
		320BECDB1A201C5C00560A35 /* AFURLResponseSerialization.h */ = {isa = PBXFileReference; fileEncoding = 4; lastKnownFileType = sourcecode.c.h; path = AFURLResponseSerialization.h; sourceTree = "<group>"; };
		320BECDC1A201C5C00560A35 /* AFURLResponseSerialization.m */ = {isa = PBXFileReference; fileEncoding = 4; lastKnownFileType = sourcecode.c.objc; path = AFURLResponseSerialization.m; sourceTree = "<group>"; };
		320BECDD1A201C5C00560A35 /* AFURLSessionManager.h */ = {isa = PBXFileReference; fileEncoding = 4; lastKnownFileType = sourcecode.c.h; path = AFURLSessionManager.h; sourceTree = "<group>"; };
		320BECDE1A201C5C00560A35 /* AFURLSessionManager.m */ = {isa = PBXFileReference; fileEncoding = 4; lastKnownFileType = sourcecode.c.objc; path = AFURLSessionManager.m; sourceTree = "<group>"; };
		320BECE01A201C5C00560A35 /* AFNetworkActivityIndicatorManager.h */ = {isa = PBXFileReference; fileEncoding = 4; lastKnownFileType = sourcecode.c.h; path = AFNetworkActivityIndicatorManager.h; sourceTree = "<group>"; };
		320BECE11A201C5C00560A35 /* AFNetworkActivityIndicatorManager.m */ = {isa = PBXFileReference; fileEncoding = 4; lastKnownFileType = sourcecode.c.objc; path = AFNetworkActivityIndicatorManager.m; sourceTree = "<group>"; };
		320BECE21A201C5C00560A35 /* UIActivityIndicatorView+AFNetworking.h */ = {isa = PBXFileReference; fileEncoding = 4; lastKnownFileType = sourcecode.c.h; path = "UIActivityIndicatorView+AFNetworking.h"; sourceTree = "<group>"; };
		320BECE31A201C5C00560A35 /* UIActivityIndicatorView+AFNetworking.m */ = {isa = PBXFileReference; fileEncoding = 4; lastKnownFileType = sourcecode.c.objc; path = "UIActivityIndicatorView+AFNetworking.m"; sourceTree = "<group>"; };
		320BECE41A201C5C00560A35 /* UIAlertView+AFNetworking.h */ = {isa = PBXFileReference; fileEncoding = 4; lastKnownFileType = sourcecode.c.h; path = "UIAlertView+AFNetworking.h"; sourceTree = "<group>"; };
		320BECE51A201C5C00560A35 /* UIAlertView+AFNetworking.m */ = {isa = PBXFileReference; fileEncoding = 4; lastKnownFileType = sourcecode.c.objc; path = "UIAlertView+AFNetworking.m"; sourceTree = "<group>"; };
		320BECE61A201C5C00560A35 /* UIButton+AFNetworking.h */ = {isa = PBXFileReference; fileEncoding = 4; lastKnownFileType = sourcecode.c.h; path = "UIButton+AFNetworking.h"; sourceTree = "<group>"; };
		320BECE71A201C5C00560A35 /* UIButton+AFNetworking.m */ = {isa = PBXFileReference; fileEncoding = 4; lastKnownFileType = sourcecode.c.objc; path = "UIButton+AFNetworking.m"; sourceTree = "<group>"; };
		320BECE81A201C5C00560A35 /* UIImageView+AFNetworking.h */ = {isa = PBXFileReference; fileEncoding = 4; lastKnownFileType = sourcecode.c.h; path = "UIImageView+AFNetworking.h"; sourceTree = "<group>"; };
		320BECE91A201C5C00560A35 /* UIImageView+AFNetworking.m */ = {isa = PBXFileReference; fileEncoding = 4; lastKnownFileType = sourcecode.c.objc; path = "UIImageView+AFNetworking.m"; sourceTree = "<group>"; };
		320BECEA1A201C5C00560A35 /* UIKit+AFNetworking.h */ = {isa = PBXFileReference; fileEncoding = 4; lastKnownFileType = sourcecode.c.h; path = "UIKit+AFNetworking.h"; sourceTree = "<group>"; };
		320BECEB1A201C5C00560A35 /* UIProgressView+AFNetworking.h */ = {isa = PBXFileReference; fileEncoding = 4; lastKnownFileType = sourcecode.c.h; path = "UIProgressView+AFNetworking.h"; sourceTree = "<group>"; };
		320BECEC1A201C5C00560A35 /* UIProgressView+AFNetworking.m */ = {isa = PBXFileReference; fileEncoding = 4; lastKnownFileType = sourcecode.c.objc; path = "UIProgressView+AFNetworking.m"; sourceTree = "<group>"; };
		320BECED1A201C5C00560A35 /* UIRefreshControl+AFNetworking.h */ = {isa = PBXFileReference; fileEncoding = 4; lastKnownFileType = sourcecode.c.h; path = "UIRefreshControl+AFNetworking.h"; sourceTree = "<group>"; };
		320BECEE1A201C5C00560A35 /* UIRefreshControl+AFNetworking.m */ = {isa = PBXFileReference; fileEncoding = 4; lastKnownFileType = sourcecode.c.objc; path = "UIRefreshControl+AFNetworking.m"; sourceTree = "<group>"; };
		320BECEF1A201C5C00560A35 /* UIWebView+AFNetworking.h */ = {isa = PBXFileReference; fileEncoding = 4; lastKnownFileType = sourcecode.c.h; path = "UIWebView+AFNetworking.h"; sourceTree = "<group>"; };
		320BECF01A201C5C00560A35 /* UIWebView+AFNetworking.m */ = {isa = PBXFileReference; fileEncoding = 4; lastKnownFileType = sourcecode.c.objc; path = "UIWebView+AFNetworking.m"; sourceTree = "<group>"; };
		320BED021A20208D00560A35 /* DSReview.h */ = {isa = PBXFileReference; fileEncoding = 4; lastKnownFileType = sourcecode.c.h; path = DSReview.h; sourceTree = "<group>"; };
		320BED031A20208D00560A35 /* DSReview.m */ = {isa = PBXFileReference; fileEncoding = 4; lastKnownFileType = sourcecode.c.objc; path = DSReview.m; sourceTree = "<group>"; };
		329C21C31A2B9D27001EF137 /* ButtonWithoutReg.png */ = {isa = PBXFileReference; lastKnownFileType = image.png; path = ButtonWithoutReg.png; sourceTree = "<group>"; };
		329C21C71A2BA86E001EF137 /* ButtonSubmit.png */ = {isa = PBXFileReference; lastKnownFileType = image.png; name = ButtonSubmit.png; path = Magazine_Test/ButtonSubmit.png; sourceTree = "<group>"; };
		329C4A271A29ED1E0058F00F /* DSAddReviewCell.h */ = {isa = PBXFileReference; fileEncoding = 4; lastKnownFileType = sourcecode.c.h; path = DSAddReviewCell.h; sourceTree = "<group>"; };
		329C4A281A29ED1E0058F00F /* DSAddReviewCell.m */ = {isa = PBXFileReference; fileEncoding = 4; lastKnownFileType = sourcecode.c.objc; path = DSAddReviewCell.m; sourceTree = "<group>"; };
		329C4A2A1A29FD770058F00F /* edit.png */ = {isa = PBXFileReference; lastKnownFileType = image.png; name = edit.png; path = Magazine_Test/edit.png; sourceTree = "<group>"; };
		329C4A2C1A2A1BD70058F00F /* AFNetworkActivityLogger.h */ = {isa = PBXFileReference; fileEncoding = 4; lastKnownFileType = sourcecode.c.h; path = AFNetworkActivityLogger.h; sourceTree = "<group>"; };
		329C4A2D1A2A1BD70058F00F /* AFNetworkActivityLogger.m */ = {isa = PBXFileReference; fileEncoding = 4; lastKnownFileType = sourcecode.c.objc; path = AFNetworkActivityLogger.m; sourceTree = "<group>"; };
		329C4A2F1A2A61570058F00F /* ButtonCreateAccount.png */ = {isa = PBXFileReference; lastKnownFileType = image.png; name = ButtonCreateAccount.png; path = Magazine_Test/ButtonCreateAccount.png; sourceTree = "<group>"; };
		329C4A351A2A617A0058F00F /* ButtonAccessAccount.png */ = {isa = PBXFileReference; lastKnownFileType = image.png; name = ButtonAccessAccount.png; path = Magazine_Test/ButtonAccessAccount.png; sourceTree = "<group>"; };
		329DDACE1A2A6D2E00A6BE20 /* mainPage1.png */ = {isa = PBXFileReference; lastKnownFileType = image.png; name = mainPage1.png; path = Magazine_Test/mainPage1.png; sourceTree = "<group>"; };
		329F25E31A20DDA60095F6A5 /* DSReviewViewController.h */ = {isa = PBXFileReference; fileEncoding = 4; lastKnownFileType = sourcecode.c.h; path = DSReviewViewController.h; sourceTree = "<group>"; };
		329F25E41A20DDA60095F6A5 /* DSReviewViewController.m */ = {isa = PBXFileReference; fileEncoding = 4; lastKnownFileType = sourcecode.c.objc; path = DSReviewViewController.m; sourceTree = "<group>"; };
		329F25E71A25ADEA0095F6A5 /* DSAccessToken.h */ = {isa = PBXFileReference; fileEncoding = 4; lastKnownFileType = sourcecode.c.h; path = DSAccessToken.h; sourceTree = "<group>"; };
		329F25E81A25ADEA0095F6A5 /* DSAccessToken.m */ = {isa = PBXFileReference; fileEncoding = 4; lastKnownFileType = sourcecode.c.objc; path = DSAccessToken.m; sourceTree = "<group>"; };
		329F25EA1A25AF3F0095F6A5 /* DSUser.h */ = {isa = PBXFileReference; fileEncoding = 4; lastKnownFileType = sourcecode.c.h; path = DSUser.h; sourceTree = "<group>"; };
		329F25EB1A25AF3F0095F6A5 /* DSUser.m */ = {isa = PBXFileReference; fileEncoding = 4; lastKnownFileType = sourcecode.c.objc; path = DSUser.m; sourceTree = "<group>"; };
		329F25F51A25B9480095F6A5 /* DSRateView.h */ = {isa = PBXFileReference; fileEncoding = 4; lastKnownFileType = sourcecode.c.h; path = DSRateView.h; sourceTree = "<group>"; };
		329F25F61A25B9480095F6A5 /* DSRateView.m */ = {isa = PBXFileReference; fileEncoding = 4; lastKnownFileType = sourcecode.c.objc; path = DSRateView.m; sourceTree = "<group>"; };
		329F25F81A25BBBE0095F6A5 /* DSReviewCell.h */ = {isa = PBXFileReference; fileEncoding = 4; lastKnownFileType = sourcecode.c.h; path = DSReviewCell.h; sourceTree = "<group>"; };
		329F25F91A25BBBE0095F6A5 /* DSReviewCell.m */ = {isa = PBXFileReference; fileEncoding = 4; lastKnownFileType = sourcecode.c.objc; path = DSReviewCell.m; sourceTree = "<group>"; };
		329F25FB1A25E9F20095F6A5 /* DSProductCell.h */ = {isa = PBXFileReference; fileEncoding = 4; lastKnownFileType = sourcecode.c.h; path = DSProductCell.h; sourceTree = "<group>"; };
		329F25FC1A25E9F20095F6A5 /* DSProductCell.m */ = {isa = PBXFileReference; fileEncoding = 4; lastKnownFileType = sourcecode.c.objc; path = DSProductCell.m; sourceTree = "<group>"; };
		329F26051A25FC610095F6A5 /* TextfieldBackgroud.png */ = {isa = PBXFileReference; lastKnownFileType = image.png; name = TextfieldBackgroud.png; path = Magazine_Test/TextfieldBackgroud.png; sourceTree = "<group>"; };
		329F26131A2600360095F6A5 /* DSMainViewController.h */ = {isa = PBXFileReference; fileEncoding = 4; lastKnownFileType = sourcecode.c.h; path = DSMainViewController.h; sourceTree = "<group>"; };
		329F26141A2600360095F6A5 /* DSMainViewController.m */ = {isa = PBXFileReference; fileEncoding = 4; lastKnownFileType = sourcecode.c.objc; path = DSMainViewController.m; sourceTree = "<group>"; };
		329F26161A27121D0095F6A5 /* star_full.png */ = {isa = PBXFileReference; lastKnownFileType = image.png; name = star_full.png; path = Magazine_Test/star_full.png; sourceTree = "<group>"; };
		329F26171A27121D0095F6A5 /* star_half.png */ = {isa = PBXFileReference; lastKnownFileType = image.png; name = star_half.png; path = Magazine_Test/star_half.png; sourceTree = "<group>"; };
		329F26181A27121D0095F6A5 /* star_empty.png */ = {isa = PBXFileReference; lastKnownFileType = image.png; name = star_empty.png; path = Magazine_Test/star_empty.png; sourceTree = "<group>"; };
		329F261E1A2716CC0095F6A5 /* DSSignUpViewController.h */ = {isa = PBXFileReference; fileEncoding = 4; lastKnownFileType = sourcecode.c.h; path = DSSignUpViewController.h; sourceTree = "<group>"; };
		329F261F1A2716CC0095F6A5 /* DSSignUpViewController.m */ = {isa = PBXFileReference; fileEncoding = 4; lastKnownFileType = sourcecode.c.objc; path = DSSignUpViewController.m; sourceTree = "<group>"; };
		329F26211A2718940095F6A5 /* DSTextField.h */ = {isa = PBXFileReference; fileEncoding = 4; lastKnownFileType = sourcecode.c.h; path = DSTextField.h; sourceTree = "<group>"; };
		329F26221A2718940095F6A5 /* DSTextField.m */ = {isa = PBXFileReference; fileEncoding = 4; lastKnownFileType = sourcecode.c.objc; path = DSTextField.m; sourceTree = "<group>"; };
		329F26241A29CF4F0095F6A5 /* DSAddReviewViewController.h */ = {isa = PBXFileReference; fileEncoding = 4; lastKnownFileType = sourcecode.c.h; path = DSAddReviewViewController.h; sourceTree = "<group>"; };
		329F26251A29CF4F0095F6A5 /* DSAddReviewViewController.m */ = {isa = PBXFileReference; fileEncoding = 4; lastKnownFileType = sourcecode.c.objc; path = DSAddReviewViewController.m; sourceTree = "<group>"; };
/* End PBXFileReference section */

/* Begin PBXFrameworksBuildPhase section */
		320BEC861A20155500560A35 /* Frameworks */ = {
			isa = PBXFrameworksBuildPhase;
			buildActionMask = 2147483647;
			files = (
				320BEC8F1A20155500560A35 /* CoreGraphics.framework in Frameworks */,
				320BEC911A20155500560A35 /* UIKit.framework in Frameworks */,
				320BEC8D1A20155500560A35 /* Foundation.framework in Frameworks */,
			);
			runOnlyForDeploymentPostprocessing = 0;
		};
		320BECA71A20155500560A35 /* Frameworks */ = {
			isa = PBXFrameworksBuildPhase;
			buildActionMask = 2147483647;
			files = (
				320BECAC1A20155500560A35 /* XCTest.framework in Frameworks */,
				320BECAE1A20155500560A35 /* UIKit.framework in Frameworks */,
				320BECAD1A20155500560A35 /* Foundation.framework in Frameworks */,
			);
			runOnlyForDeploymentPostprocessing = 0;
		};
/* End PBXFrameworksBuildPhase section */

/* Begin PBXGroup section */
		320BEC801A20155500560A35 = {
			isa = PBXGroup;
			children = (
				329C21C91A2BB2BF001EF137 /* images */,
				329F25FE1A25F3E40095F6A5 /* cells */,
				329F25EE1A25B2B80095F6A5 /* controllers */,
				329F25ED1A25B2960095F6A5 /* model */,
				320BECCA1A201C5C00560A35 /* Libs */,
				320BEC921A20155500560A35 /* Magazine_Test */,
				320BECB11A20155500560A35 /* Magazine_TestTests */,
				320BEC8B1A20155500560A35 /* Frameworks */,
				320BEC8A1A20155500560A35 /* Products */,
			);
			sourceTree = "<group>";
		};
		320BEC8A1A20155500560A35 /* Products */ = {
			isa = PBXGroup;
			children = (
				320BEC891A20155500560A35 /* Magazine_Test.app */,
				320BECAA1A20155500560A35 /* Magazine_TestTests.xctest */,
			);
			name = Products;
			sourceTree = "<group>";
		};
		320BEC8B1A20155500560A35 /* Frameworks */ = {
			isa = PBXGroup;
			children = (
				320BEC8C1A20155500560A35 /* Foundation.framework */,
				320BEC8E1A20155500560A35 /* CoreGraphics.framework */,
				320BEC901A20155500560A35 /* UIKit.framework */,
				320BECAB1A20155500560A35 /* XCTest.framework */,
			);
			name = Frameworks;
			sourceTree = "<group>";
		};
		320BEC921A20155500560A35 /* Magazine_Test */ = {
			isa = PBXGroup;
			children = (
				320BEC9B1A20155500560A35 /* DSAppDelegate.h */,
				320BEC9C1A20155500560A35 /* DSAppDelegate.m */,
				320BEC9E1A20155500560A35 /* Main.storyboard */,
				320BECA41A20155500560A35 /* Images.xcassets */,
				320BEC931A20155500560A35 /* Supporting Files */,
			);
			path = Magazine_Test;
			sourceTree = "<group>";
		};
		320BEC931A20155500560A35 /* Supporting Files */ = {
			isa = PBXGroup;
			children = (
				320BEC941A20155500560A35 /* Magazine_Test-Info.plist */,
				320BEC951A20155500560A35 /* InfoPlist.strings */,
				320BEC981A20155500560A35 /* main.m */,
				320BEC9A1A20155500560A35 /* Magazine_Test-Prefix.pch */,
			);
			name = "Supporting Files";
			sourceTree = "<group>";
		};
		320BECB11A20155500560A35 /* Magazine_TestTests */ = {
			isa = PBXGroup;
			children = (
				320BECB71A20155500560A35 /* Magazine_TestTests.m */,
				320BECB21A20155500560A35 /* Supporting Files */,
			);
			path = Magazine_TestTests;
			sourceTree = "<group>";
		};
		320BECB21A20155500560A35 /* Supporting Files */ = {
			isa = PBXGroup;
			children = (
				320BECB31A20155500560A35 /* Magazine_TestTests-Info.plist */,
				320BECB41A20155500560A35 /* InfoPlist.strings */,
			);
			name = "Supporting Files";
			sourceTree = "<group>";
		};
		320BECCA1A201C5C00560A35 /* Libs */ = {
			isa = PBXGroup;
			children = (
				320BECCB1A201C5C00560A35 /* AFNetworking */,
				320BECDF1A201C5C00560A35 /* UIKit+AFNetworking */,
			);
			name = Libs;
			path = Magazine_Test/Libs;
			sourceTree = "<group>";
		};
		320BECCB1A201C5C00560A35 /* AFNetworking */ = {
			isa = PBXGroup;
			children = (
				329C4A2C1A2A1BD70058F00F /* AFNetworkActivityLogger.h */,
				329C4A2D1A2A1BD70058F00F /* AFNetworkActivityLogger.m */,
				320BECCC1A201C5C00560A35 /* AFHTTPRequestOperation.h */,
				320BECCD1A201C5C00560A35 /* AFHTTPRequestOperation.m */,
				320BECCE1A201C5C00560A35 /* AFHTTPRequestOperationManager.h */,
				320BECCF1A201C5C00560A35 /* AFHTTPRequestOperationManager.m */,
				320BECD01A201C5C00560A35 /* AFHTTPSessionManager.h */,
				320BECD11A201C5C00560A35 /* AFHTTPSessionManager.m */,
				320BECD21A201C5C00560A35 /* AFNetworking.h */,
				320BECD31A201C5C00560A35 /* AFNetworkReachabilityManager.h */,
				320BECD41A201C5C00560A35 /* AFNetworkReachabilityManager.m */,
				320BECD51A201C5C00560A35 /* AFSecurityPolicy.h */,
				320BECD61A201C5C00560A35 /* AFSecurityPolicy.m */,
				320BECD71A201C5C00560A35 /* AFURLConnectionOperation.h */,
				320BECD81A201C5C00560A35 /* AFURLConnectionOperation.m */,
				320BECD91A201C5C00560A35 /* AFURLRequestSerialization.h */,
				320BECDA1A201C5C00560A35 /* AFURLRequestSerialization.m */,
				320BECDB1A201C5C00560A35 /* AFURLResponseSerialization.h */,
				320BECDC1A201C5C00560A35 /* AFURLResponseSerialization.m */,
				320BECDD1A201C5C00560A35 /* AFURLSessionManager.h */,
				320BECDE1A201C5C00560A35 /* AFURLSessionManager.m */,
			);
			path = AFNetworking;
			sourceTree = "<group>";
		};
		320BECDF1A201C5C00560A35 /* UIKit+AFNetworking */ = {
			isa = PBXGroup;
			children = (
				320BECE01A201C5C00560A35 /* AFNetworkActivityIndicatorManager.h */,
				320BECE11A201C5C00560A35 /* AFNetworkActivityIndicatorManager.m */,
				320BECE21A201C5C00560A35 /* UIActivityIndicatorView+AFNetworking.h */,
				320BECE31A201C5C00560A35 /* UIActivityIndicatorView+AFNetworking.m */,
				320BECE41A201C5C00560A35 /* UIAlertView+AFNetworking.h */,
				320BECE51A201C5C00560A35 /* UIAlertView+AFNetworking.m */,
				320BECE61A201C5C00560A35 /* UIButton+AFNetworking.h */,
				320BECE71A201C5C00560A35 /* UIButton+AFNetworking.m */,
				320BECE81A201C5C00560A35 /* UIImageView+AFNetworking.h */,
				320BECE91A201C5C00560A35 /* UIImageView+AFNetworking.m */,
				320BECEA1A201C5C00560A35 /* UIKit+AFNetworking.h */,
				320BECEB1A201C5C00560A35 /* UIProgressView+AFNetworking.h */,
				320BECEC1A201C5C00560A35 /* UIProgressView+AFNetworking.m */,
				320BECED1A201C5C00560A35 /* UIRefreshControl+AFNetworking.h */,
				320BECEE1A201C5C00560A35 /* UIRefreshControl+AFNetworking.m */,
				320BECEF1A201C5C00560A35 /* UIWebView+AFNetworking.h */,
				320BECF01A201C5C00560A35 /* UIWebView+AFNetworking.m */,
			);
			path = "UIKit+AFNetworking";
			sourceTree = "<group>";
		};
		329C21C91A2BB2BF001EF137 /* images */ = {
			isa = PBXGroup;
			children = (
				329C21C71A2BA86E001EF137 /* ButtonSubmit.png */,
				329C21C31A2B9D27001EF137 /* ButtonWithoutReg.png */,
				329DDACE1A2A6D2E00A6BE20 /* mainPage1.png */,
				329C4A351A2A617A0058F00F /* ButtonAccessAccount.png */,
				329C4A2A1A29FD770058F00F /* edit.png */,
				329F26161A27121D0095F6A5 /* star_full.png */,
				329C4A2F1A2A61570058F00F /* ButtonCreateAccount.png */,
				329F26171A27121D0095F6A5 /* star_half.png */,
				329F26181A27121D0095F6A5 /* star_empty.png */,
				329F26051A25FC610095F6A5 /* TextfieldBackgroud.png */,
			);
			name = images;
			sourceTree = "<group>";
		};
		329F25ED1A25B2960095F6A5 /* model */ = {
			isa = PBXGroup;
			children = (
				320BECC71A2018D100560A35 /* DSProduct.h */,
				320BECC81A2018D100560A35 /* DSProduct.m */,
				320BED021A20208D00560A35 /* DSReview.h */,
				320BED031A20208D00560A35 /* DSReview.m */,
				329F25E71A25ADEA0095F6A5 /* DSAccessToken.h */,
				329F25E81A25ADEA0095F6A5 /* DSAccessToken.m */,
				329F25EA1A25AF3F0095F6A5 /* DSUser.h */,
				329F25EB1A25AF3F0095F6A5 /* DSUser.m */,
				329F25F51A25B9480095F6A5 /* DSRateView.h */,
				329F25F61A25B9480095F6A5 /* DSRateView.m */,
				329F26211A2718940095F6A5 /* DSTextField.h */,
				329F26221A2718940095F6A5 /* DSTextField.m */,
			);
			name = model;
			sourceTree = "<group>";
		};
		329F25EE1A25B2B80095F6A5 /* controllers */ = {
			isa = PBXGroup;
			children = (
				320BECC11A2016CE00560A35 /* DSServerManager.h */,
				320BECC21A2016CE00560A35 /* DSServerManager.m */,
				320BECA11A20155500560A35 /* DSProductViewController.h */,
				320BECA21A20155500560A35 /* DSProductViewController.m */,
				329F25E31A20DDA60095F6A5 /* DSReviewViewController.h */,
				329F25E41A20DDA60095F6A5 /* DSReviewViewController.m */,
				329F26131A2600360095F6A5 /* DSMainViewController.h */,
				329F26141A2600360095F6A5 /* DSMainViewController.m */,
				329F261E1A2716CC0095F6A5 /* DSSignUpViewController.h */,
				329F261F1A2716CC0095F6A5 /* DSSignUpViewController.m */,
				329F26241A29CF4F0095F6A5 /* DSAddReviewViewController.h */,
				329F26251A29CF4F0095F6A5 /* DSAddReviewViewController.m */,
			);
			name = controllers;
			sourceTree = "<group>";
		};
		329F25FE1A25F3E40095F6A5 /* cells */ = {
			isa = PBXGroup;
			children = (
				329F25FB1A25E9F20095F6A5 /* DSProductCell.h */,
				329F25FC1A25E9F20095F6A5 /* DSProductCell.m */,
				329F25F81A25BBBE0095F6A5 /* DSReviewCell.h */,
				329F25F91A25BBBE0095F6A5 /* DSReviewCell.m */,
				329C4A271A29ED1E0058F00F /* DSAddReviewCell.h */,
				329C4A281A29ED1E0058F00F /* DSAddReviewCell.m */,
			);
			name = cells;
			sourceTree = "<group>";
		};
/* End PBXGroup section */

/* Begin PBXNativeTarget section */
		320BEC881A20155500560A35 /* Magazine_Test */ = {
			isa = PBXNativeTarget;
			buildConfigurationList = 320BECBB1A20155500560A35 /* Build configuration list for PBXNativeTarget "Magazine_Test" */;
			buildPhases = (
				320BEC851A20155500560A35 /* Sources */,
				320BEC861A20155500560A35 /* Frameworks */,
				320BEC871A20155500560A35 /* Resources */,
			);
			buildRules = (
			);
			dependencies = (
			);
			name = Magazine_Test;
			productName = Magazine_Test;
			productReference = 320BEC891A20155500560A35 /* Magazine_Test.app */;
			productType = "com.apple.product-type.application";
		};
		320BECA91A20155500560A35 /* Magazine_TestTests */ = {
			isa = PBXNativeTarget;
			buildConfigurationList = 320BECBE1A20155500560A35 /* Build configuration list for PBXNativeTarget "Magazine_TestTests" */;
			buildPhases = (
				320BECA61A20155500560A35 /* Sources */,
				320BECA71A20155500560A35 /* Frameworks */,
				320BECA81A20155500560A35 /* Resources */,
			);
			buildRules = (
			);
			dependencies = (
				320BECB01A20155500560A35 /* PBXTargetDependency */,
			);
			name = Magazine_TestTests;
			productName = Magazine_TestTests;
			productReference = 320BECAA1A20155500560A35 /* Magazine_TestTests.xctest */;
			productType = "com.apple.product-type.bundle.unit-test";
		};
/* End PBXNativeTarget section */

/* Begin PBXProject section */
		320BEC811A20155500560A35 /* Project object */ = {
			isa = PBXProject;
			attributes = {
				CLASSPREFIX = DS;
				LastUpgradeCheck = 0510;
				ORGANIZATIONNAME = "Dima Soldatenko";
				TargetAttributes = {
					320BECA91A20155500560A35 = {
						TestTargetID = 320BEC881A20155500560A35;
					};
				};
			};
			buildConfigurationList = 320BEC841A20155500560A35 /* Build configuration list for PBXProject "Magazine_Test" */;
			compatibilityVersion = "Xcode 3.2";
			developmentRegion = English;
			hasScannedForEncodings = 0;
			knownRegions = (
				en,
				Base,
			);
			mainGroup = 320BEC801A20155500560A35;
			productRefGroup = 320BEC8A1A20155500560A35 /* Products */;
			projectDirPath = "";
			projectRoot = "";
			targets = (
				320BEC881A20155500560A35 /* Magazine_Test */,
				320BECA91A20155500560A35 /* Magazine_TestTests */,
			);
		};
/* End PBXProject section */

/* Begin PBXResourcesBuildPhase section */
		320BEC871A20155500560A35 /* Resources */ = {
			isa = PBXResourcesBuildPhase;
			buildActionMask = 2147483647;
			files = (
				320BECA51A20155500560A35 /* Images.xcassets in Resources */,
				329F26061A25FC610095F6A5 /* TextfieldBackgroud.png in Resources */,
				329F26191A27121D0095F6A5 /* star_full.png in Resources */,
				329DDACF1A2A6D2E00A6BE20 /* mainPage1.png in Resources */,
				329C21C41A2B9D27001EF137 /* ButtonWithoutReg.png in Resources */,
				329C21C81A2BA86E001EF137 /* ButtonSubmit.png in Resources */,
				320BEC971A20155500560A35 /* InfoPlist.strings in Resources */,
				329C4A361A2A617A0058F00F /* ButtonAccessAccount.png in Resources */,
				329C4A301A2A61570058F00F /* ButtonCreateAccount.png in Resources */,
				320BECA01A20155500560A35 /* Main.storyboard in Resources */,
				329F261B1A27121D0095F6A5 /* star_empty.png in Resources */,
				329F261A1A27121D0095F6A5 /* star_half.png in Resources */,
				329C4A2B1A29FD770058F00F /* edit.png in Resources */,
			);
			runOnlyForDeploymentPostprocessing = 0;
		};
		320BECA81A20155500560A35 /* Resources */ = {
			isa = PBXResourcesBuildPhase;
			buildActionMask = 2147483647;
			files = (
				320BECB61A20155500560A35 /* InfoPlist.strings in Resources */,
			);
			runOnlyForDeploymentPostprocessing = 0;
		};
/* End PBXResourcesBuildPhase section */

/* Begin PBXSourcesBuildPhase section */
		320BEC851A20155500560A35 /* Sources */ = {
			isa = PBXSourcesBuildPhase;
			buildActionMask = 2147483647;
			files = (
				320BECF61A201C5C00560A35 /* AFURLConnectionOperation.m in Sources */,
				320BECF11A201C5C00560A35 /* AFHTTPRequestOperation.m in Sources */,
				329C4A291A29ED1E0058F00F /* DSAddReviewCell.m in Sources */,
				329F26261A29CF4F0095F6A5 /* DSAddReviewViewController.m in Sources */,
				320BECFD1A201C5C00560A35 /* UIButton+AFNetworking.m in Sources */,
				320BECF41A201C5C00560A35 /* AFNetworkReachabilityManager.m in Sources */,
				329F25FD1A25E9F20095F6A5 /* DSProductCell.m in Sources */,
				320BECFF1A201C5C00560A35 /* UIProgressView+AFNetworking.m in Sources */,
				320BECF91A201C5C00560A35 /* AFURLSessionManager.m in Sources */,
				320BECF71A201C5C00560A35 /* AFURLRequestSerialization.m in Sources */,
				329F26231A2718940095F6A5 /* DSTextField.m in Sources */,
				320BEC991A20155500560A35 /* main.m in Sources */,
				320BED001A201C5C00560A35 /* UIRefreshControl+AFNetworking.m in Sources */,
				320BECF81A201C5C00560A35 /* AFURLResponseSerialization.m in Sources */,
				329F25F71A25B9480095F6A5 /* DSRateView.m in Sources */,
				320BECC31A2016CE00560A35 /* DSServerManager.m in Sources */,
				329F26201A2716CC0095F6A5 /* DSSignUpViewController.m in Sources */,
				329F25EC1A25AF3F0095F6A5 /* DSUser.m in Sources */,
				320BECFE1A201C5C00560A35 /* UIImageView+AFNetworking.m in Sources */,
				320BECA31A20155500560A35 /* DSProductViewController.m in Sources */,
				320BECFC1A201C5C00560A35 /* UIAlertView+AFNetworking.m in Sources */,
				320BECF21A201C5C00560A35 /* AFHTTPRequestOperationManager.m in Sources */,
				320BECF51A201C5C00560A35 /* AFSecurityPolicy.m in Sources */,
				320BED041A20208D00560A35 /* DSReview.m in Sources */,
				329F26151A2600360095F6A5 /* DSMainViewController.m in Sources */,
				329C4A2E1A2A1BD70058F00F /* AFNetworkActivityLogger.m in Sources */,
				329F25E91A25ADEA0095F6A5 /* DSAccessToken.m in Sources */,
				320BED011A201C5C00560A35 /* UIWebView+AFNetworking.m in Sources */,
				320BECC91A2018D100560A35 /* DSProduct.m in Sources */,
				329F25FA1A25BBBE0095F6A5 /* DSReviewCell.m in Sources */,
				329F25E51A20DDA60095F6A5 /* DSReviewViewController.m in Sources */,
				320BEC9D1A20155500560A35 /* DSAppDelegate.m in Sources */,
				320BECF31A201C5C00560A35 /* AFHTTPSessionManager.m in Sources */,
				320BECFB1A201C5C00560A35 /* UIActivityIndicatorView+AFNetworking.m in Sources */,
				320BECFA1A201C5C00560A35 /* AFNetworkActivityIndicatorManager.m in Sources */,
			);
			runOnlyForDeploymentPostprocessing = 0;
		};
		320BECA61A20155500560A35 /* Sources */ = {
			isa = PBXSourcesBuildPhase;
			buildActionMask = 2147483647;
			files = (
				320BECB81A20155500560A35 /* Magazine_TestTests.m in Sources */,
			);
			runOnlyForDeploymentPostprocessing = 0;
		};
/* End PBXSourcesBuildPhase section */

/* Begin PBXTargetDependency section */
		320BECB01A20155500560A35 /* PBXTargetDependency */ = {
			isa = PBXTargetDependency;
			target = 320BEC881A20155500560A35 /* Magazine_Test */;
			targetProxy = 320BECAF1A20155500560A35 /* PBXContainerItemProxy */;
		};
/* End PBXTargetDependency section */

/* Begin PBXVariantGroup section */
		320BEC951A20155500560A35 /* InfoPlist.strings */ = {
			isa = PBXVariantGroup;
			children = (
				320BEC961A20155500560A35 /* en */,
			);
			name = InfoPlist.strings;
			sourceTree = "<group>";
		};
		320BEC9E1A20155500560A35 /* Main.storyboard */ = {
			isa = PBXVariantGroup;
			children = (
				320BEC9F1A20155500560A35 /* Base */,
			);
			name = Main.storyboard;
			sourceTree = "<group>";
		};
		320BECB41A20155500560A35 /* InfoPlist.strings */ = {
			isa = PBXVariantGroup;
			children = (
				320BECB51A20155500560A35 /* en */,
			);
			name = InfoPlist.strings;
			sourceTree = "<group>";
		};
/* End PBXVariantGroup section */

/* Begin XCBuildConfiguration section */
		320BECB91A20155500560A35 /* Debug */ = {
			isa = XCBuildConfiguration;
			buildSettings = {
				ALWAYS_SEARCH_USER_PATHS = NO;
				CLANG_CXX_LANGUAGE_STANDARD = "gnu++0x";
				CLANG_CXX_LIBRARY = "libc++";
				CLANG_ENABLE_MODULES = YES;
				CLANG_ENABLE_OBJC_ARC = YES;
				CLANG_WARN_BOOL_CONVERSION = YES;
				CLANG_WARN_CONSTANT_CONVERSION = YES;
				CLANG_WARN_DIRECT_OBJC_ISA_USAGE = YES_ERROR;
				CLANG_WARN_EMPTY_BODY = YES;
				CLANG_WARN_ENUM_CONVERSION = YES;
				CLANG_WARN_INT_CONVERSION = YES;
				CLANG_WARN_OBJC_ROOT_CLASS = YES_ERROR;
				CLANG_WARN__DUPLICATE_METHOD_MATCH = YES;
				"CODE_SIGN_IDENTITY[sdk=iphoneos*]" = "iPhone Developer";
				COPY_PHASE_STRIP = NO;
				GCC_C_LANGUAGE_STANDARD = gnu99;
				GCC_DYNAMIC_NO_PIC = NO;
				GCC_OPTIMIZATION_LEVEL = 0;
				GCC_PREPROCESSOR_DEFINITIONS = (
					"DEBUG=1",
					"$(inherited)",
				);
				GCC_SYMBOLS_PRIVATE_EXTERN = NO;
				GCC_WARN_64_TO_32_BIT_CONVERSION = YES;
				GCC_WARN_ABOUT_RETURN_TYPE = YES_ERROR;
				GCC_WARN_UNDECLARED_SELECTOR = YES;
				GCC_WARN_UNINITIALIZED_AUTOS = YES_AGGRESSIVE;
				GCC_WARN_UNUSED_FUNCTION = YES;
				GCC_WARN_UNUSED_VARIABLE = YES;
				IPHONEOS_DEPLOYMENT_TARGET = 7.1;
				ONLY_ACTIVE_ARCH = YES;
				SDKROOT = iphoneos;
			};
			name = Debug;
		};
		320BECBA1A20155500560A35 /* Release */ = {
			isa = XCBuildConfiguration;
			buildSettings = {
				ALWAYS_SEARCH_USER_PATHS = NO;
				CLANG_CXX_LANGUAGE_STANDARD = "gnu++0x";
				CLANG_CXX_LIBRARY = "libc++";
				CLANG_ENABLE_MODULES = YES;
				CLANG_ENABLE_OBJC_ARC = YES;
				CLANG_WARN_BOOL_CONVERSION = YES;
				CLANG_WARN_CONSTANT_CONVERSION = YES;
				CLANG_WARN_DIRECT_OBJC_ISA_USAGE = YES_ERROR;
				CLANG_WARN_EMPTY_BODY = YES;
				CLANG_WARN_ENUM_CONVERSION = YES;
				CLANG_WARN_INT_CONVERSION = YES;
				CLANG_WARN_OBJC_ROOT_CLASS = YES_ERROR;
				CLANG_WARN__DUPLICATE_METHOD_MATCH = YES;
				"CODE_SIGN_IDENTITY[sdk=iphoneos*]" = "iPhone Developer";
				COPY_PHASE_STRIP = YES;
				ENABLE_NS_ASSERTIONS = NO;
				GCC_C_LANGUAGE_STANDARD = gnu99;
				GCC_WARN_64_TO_32_BIT_CONVERSION = YES;
				GCC_WARN_ABOUT_RETURN_TYPE = YES_ERROR;
				GCC_WARN_UNDECLARED_SELECTOR = YES;
				GCC_WARN_UNINITIALIZED_AUTOS = YES_AGGRESSIVE;
				GCC_WARN_UNUSED_FUNCTION = YES;
				GCC_WARN_UNUSED_VARIABLE = YES;
				IPHONEOS_DEPLOYMENT_TARGET = 7.1;
				SDKROOT = iphoneos;
				VALIDATE_PRODUCT = YES;
			};
			name = Release;
		};
		320BECBC1A20155500560A35 /* Debug */ = {
			isa = XCBuildConfiguration;
			buildSettings = {
				ASSETCATALOG_COMPILER_APPICON_NAME = AppIcon;
				ASSETCATALOG_COMPILER_LAUNCHIMAGE_NAME = LaunchImage;
				GCC_PRECOMPILE_PREFIX_HEADER = YES;
				GCC_PREFIX_HEADER = "Magazine_Test/Magazine_Test-Prefix.pch";
				INFOPLIST_FILE = "Magazine_Test/Magazine_Test-Info.plist";
				PRODUCT_NAME = "$(TARGET_NAME)";
				WRAPPER_EXTENSION = app;
			};
			name = Debug;
		};
		320BECBD1A20155500560A35 /* Release */ = {
			isa = XCBuildConfiguration;
			buildSettings = {
				ASSETCATALOG_COMPILER_APPICON_NAME = AppIcon;
				ASSETCATALOG_COMPILER_LAUNCHIMAGE_NAME = LaunchImage;
				GCC_PRECOMPILE_PREFIX_HEADER = YES;
				GCC_PREFIX_HEADER = "Magazine_Test/Magazine_Test-Prefix.pch";
				INFOPLIST_FILE = "Magazine_Test/Magazine_Test-Info.plist";
				PRODUCT_NAME = "$(TARGET_NAME)";
				WRAPPER_EXTENSION = app;
			};
			name = Release;
		};
		320BECBF1A20155500560A35 /* Debug */ = {
			isa = XCBuildConfiguration;
			buildSettings = {
				BUNDLE_LOADER = "$(BUILT_PRODUCTS_DIR)/Magazine_Test.app/Magazine_Test";
				FRAMEWORK_SEARCH_PATHS = (
					"$(SDKROOT)/Developer/Library/Frameworks",
					"$(inherited)",
					"$(DEVELOPER_FRAMEWORKS_DIR)",
				);
				GCC_PRECOMPILE_PREFIX_HEADER = YES;
				GCC_PREFIX_HEADER = "Magazine_Test/Magazine_Test-Prefix.pch";
				GCC_PREPROCESSOR_DEFINITIONS = (
					"DEBUG=1",
					"$(inherited)",
				);
				INFOPLIST_FILE = "Magazine_TestTests/Magazine_TestTests-Info.plist";
				PRODUCT_NAME = "$(TARGET_NAME)";
				TEST_HOST = "$(BUNDLE_LOADER)";
				WRAPPER_EXTENSION = xctest;
			};
			name = Debug;
		};
		320BECC01A20155500560A35 /* Release */ = {
			isa = XCBuildConfiguration;
			buildSettings = {
				BUNDLE_LOADER = "$(BUILT_PRODUCTS_DIR)/Magazine_Test.app/Magazine_Test";
				FRAMEWORK_SEARCH_PATHS = (
					"$(SDKROOT)/Developer/Library/Frameworks",
					"$(inherited)",
					"$(DEVELOPER_FRAMEWORKS_DIR)",
				);
				GCC_PRECOMPILE_PREFIX_HEADER = YES;
				GCC_PREFIX_HEADER = "Magazine_Test/Magazine_Test-Prefix.pch";
				INFOPLIST_FILE = "Magazine_TestTests/Magazine_TestTests-Info.plist";
				PRODUCT_NAME = "$(TARGET_NAME)";
				TEST_HOST = "$(BUNDLE_LOADER)";
				WRAPPER_EXTENSION = xctest;
			};
			name = Release;
		};
/* End XCBuildConfiguration section */

/* Begin XCConfigurationList section */
		320BEC841A20155500560A35 /* Build configuration list for PBXProject "Magazine_Test" */ = {
			isa = XCConfigurationList;
			buildConfigurations = (
				320BECB91A20155500560A35 /* Debug */,
				320BECBA1A20155500560A35 /* Release */,
			);
			defaultConfigurationIsVisible = 0;
			defaultConfigurationName = Release;
		};
		320BECBB1A20155500560A35 /* Build configuration list for PBXNativeTarget "Magazine_Test" */ = {
			isa = XCConfigurationList;
			buildConfigurations = (
				320BECBC1A20155500560A35 /* Debug */,
				320BECBD1A20155500560A35 /* Release */,
			);
			defaultConfigurationIsVisible = 0;
			defaultConfigurationName = Release;
		};
		320BECBE1A20155500560A35 /* Build configuration list for PBXNativeTarget "Magazine_TestTests" */ = {
			isa = XCConfigurationList;
			buildConfigurations = (
				320BECBF1A20155500560A35 /* Debug */,
				320BECC01A20155500560A35 /* Release */,
			);
			defaultConfigurationIsVisible = 0;
			defaultConfigurationName = Release;
		};
/* End XCConfigurationList section */
	};
	rootObject = 320BEC811A20155500560A35 /* Project object */;
}
